
Microsoft Visual Studio Solution File, Format Version 12.00
# Visual Studio Version 17
VisualStudioVersion = 17.5.002.0
MinimumVisualStudioVersion = 10.0.40219.1
Project("{9A19103F-16F7-4668-BE54-9A1E7A4F7556}") = "multi-az-workshop-cdk", "cdk\multi-az-workshop-cdk.csproj", "{101D6A66-599D-451B-9354-E621ECE1EE74}"
EndProject
Project("{9A19103F-16F7-4668-BE54-9A1E7A4F7556}") = "multi-az-workshop-application", "app-src\multi-az-workshop-application.csproj", "{01298A78-ADE5-4637-B7FE-1B0471A022E8}"
EndProject
Global
	GlobalSection(SolutionConfigurationPlatforms) = preSolution
		Debug|Any CPU = Debug|Any CPU
		Release|Any CPU = Release|Any CPU
	EndGlobalSection
	GlobalSection(ProjectConfigurationPlatforms) = postSolution
		{101D6A66-599D-451B-9354-E621ECE1EE74}.Debug|Any CPU.ActiveCfg = Debug|Any CPU
		{101D6A66-599D-451B-9354-E621ECE1EE74}.Debug|Any CPU.Build.0 = Debug|Any CPU
		{101D6A66-599D-451B-9354-E621ECE1EE74}.Release|Any CPU.ActiveCfg = Release|Any CPU
		{101D6A66-599D-451B-9354-E621ECE1EE74}.Release|Any CPU.Build.0 = Release|Any CPU
		{01298A78-ADE5-4637-B7FE-1B0471A022E8}.Debug|Any CPU.ActiveCfg = Debug|Any CPU
		{01298A78-ADE5-4637-B7FE-1B0471A022E8}.Debug|Any CPU.Build.0 = Debug|Any CPU
		{01298A78-ADE5-4637-B7FE-1B0471A022E8}.Release|Any CPU.ActiveCfg = Release|Any CPU
		{01298A78-ADE5-4637-B7FE-1B0471A022E8}.Release|Any CPU.Build.0 = Release|Any CPU
	EndGlobalSection
	GlobalSection(SolutionProperties) = preSolution
		HideSolutionNode = FALSE
	EndGlobalSection
	GlobalSection(ExtensibilityGlobals) = postSolution
		SolutionGuid = {8C8606FB-C1DB-4561-8C0C-CE5C6CD01EAC}
	EndGlobalSection
EndGlobal
